// !$*UTF8*$!
{
	archiveVersion = 1;
	classes = {
	};
	objectVersion = 50;
	objects = {

/* Begin PBXBuildFile section */
		9039501E2122FD4100BF048D /* AppDelegate.swift in Sources */ = {isa = PBXBuildFile; fileRef = 9039501D2122FD4100BF048D /* AppDelegate.swift */; };
		903950202122FD4100BF048D /* SearchViewController.swift in Sources */ = {isa = PBXBuildFile; fileRef = 9039501F2122FD4100BF048D /* SearchViewController.swift */; };
		903950232122FD4100BF048D /* Main.storyboard in Resources */ = {isa = PBXBuildFile; fileRef = 903950212122FD4100BF048D /* Main.storyboard */; };
		903950252122FD4300BF048D /* Assets.xcassets in Resources */ = {isa = PBXBuildFile; fileRef = 903950242122FD4300BF048D /* Assets.xcassets */; };
		903950282122FD4300BF048D /* LaunchScreen.storyboard in Resources */ = {isa = PBXBuildFile; fileRef = 903950262122FD4300BF048D /* LaunchScreen.storyboard */; };
		9039503021230EF800BF048D /* SearchResult.swift in Sources */ = {isa = PBXBuildFile; fileRef = 9039502F21230EF800BF048D /* SearchResult.swift */; };
		903950362123446200BF048D /* SearchResultCell.xib in Resources */ = {isa = PBXBuildFile; fileRef = 903950352123446200BF048D /* SearchResultCell.xib */; };
		9039503A21234FA100BF048D /* SearchResultCell.swift in Sources */ = {isa = PBXBuildFile; fileRef = 9039503921234FA100BF048D /* SearchResultCell.swift */; };
		9039503E21237BFE00BF048D /* NothingFoundCell.xib in Resources */ = {isa = PBXBuildFile; fileRef = 9039503D21237BFE00BF048D /* NothingFoundCell.xib */; };
/* End PBXBuildFile section */

/* Begin PBXFileReference section */
		9039501A2122FD4100BF048D /* StoreSearch.app */ = {isa = PBXFileReference; explicitFileType = wrapper.application; includeInIndex = 0; path = StoreSearch.app; sourceTree = BUILT_PRODUCTS_DIR; };
		9039501D2122FD4100BF048D /* AppDelegate.swift */ = {isa = PBXFileReference; lastKnownFileType = sourcecode.swift; path = AppDelegate.swift; sourceTree = "<group>"; };
		9039501F2122FD4100BF048D /* SearchViewController.swift */ = {isa = PBXFileReference; lastKnownFileType = sourcecode.swift; path = SearchViewController.swift; sourceTree = "<group>"; };
		903950222122FD4100BF048D /* Base */ = {isa = PBXFileReference; lastKnownFileType = file.storyboard; name = Base; path = Base.lproj/Main.storyboard; sourceTree = "<group>"; };
		903950242122FD4300BF048D /* Assets.xcassets */ = {isa = PBXFileReference; lastKnownFileType = folder.assetcatalog; path = Assets.xcassets; sourceTree = "<group>"; };
		903950272122FD4300BF048D /* Base */ = {isa = PBXFileReference; lastKnownFileType = file.storyboard; name = Base; path = Base.lproj/LaunchScreen.storyboard; sourceTree = "<group>"; };
		903950292122FD4300BF048D /* Info.plist */ = {isa = PBXFileReference; lastKnownFileType = text.plist.xml; path = Info.plist; sourceTree = "<group>"; };
		9039502F21230EF800BF048D /* SearchResult.swift */ = {isa = PBXFileReference; lastKnownFileType = sourcecode.swift; path = SearchResult.swift; sourceTree = "<group>"; };
		903950352123446200BF048D /* SearchResultCell.xib */ = {isa = PBXFileReference; lastKnownFileType = file.xib; path = SearchResultCell.xib; sourceTree = "<group>"; };
		9039503921234FA100BF048D /* SearchResultCell.swift */ = {isa = PBXFileReference; lastKnownFileType = sourcecode.swift; path = SearchResultCell.swift; sourceTree = "<group>"; };
		9039503D21237BFE00BF048D /* NothingFoundCell.xib */ = {isa = PBXFileReference; lastKnownFileType = file.xib; path = NothingFoundCell.xib; sourceTree = "<group>"; };
/* End PBXFileReference section */

/* Begin PBXFrameworksBuildPhase section */
		903950172122FD4100BF048D /* Frameworks */ = {
			isa = PBXFrameworksBuildPhase;
			buildActionMask = 2147483647;
			files = (
			);
			runOnlyForDeploymentPostprocessing = 0;
		};
/* End PBXFrameworksBuildPhase section */

/* Begin PBXGroup section */
		903950112122FD4100BF048D = {
			isa = PBXGroup;
			children = (
				9039501C2122FD4100BF048D /* StoreSearch */,
				9039501B2122FD4100BF048D /* Products */,
			);
			sourceTree = "<group>";
		};
		9039501B2122FD4100BF048D /* Products */ = {
			isa = PBXGroup;
			children = (
				9039501A2122FD4100BF048D /* StoreSearch.app */,
			);
			name = Products;
			sourceTree = "<group>";
		};
		9039501C2122FD4100BF048D /* StoreSearch */ = {
			isa = PBXGroup;
			children = (
				9039503221230F2100BF048D /* Model */,
				9039503121230F0A00BF048D /* Controller */,
				9039503321230F3B00BF048D /* View */,
				9039503421230F5C00BF048D /* Utilities */,
				903950292122FD4300BF048D /* Info.plist */,
			);
			path = StoreSearch;
			sourceTree = "<group>";
		};
		9039503121230F0A00BF048D /* Controller */ = {
			isa = PBXGroup;
			children = (
				9039501F2122FD4100BF048D /* SearchViewController.swift */,
			);
			path = Controller;
			sourceTree = "<group>";
		};
		9039503221230F2100BF048D /* Model */ = {
			isa = PBXGroup;
			children = (
				9039502F21230EF800BF048D /* SearchResult.swift */,
			);
			path = Model;
			sourceTree = "<group>";
		};
		9039503321230F3B00BF048D /* View */ = {
			isa = PBXGroup;
			children = (
				9039503D21237BFE00BF048D /* NothingFoundCell.xib */,
				9039503921234FA100BF048D /* SearchResultCell.swift */,
				903950352123446200BF048D /* SearchResultCell.xib */,
				903950212122FD4100BF048D /* Main.storyboard */,
				903950262122FD4300BF048D /* LaunchScreen.storyboard */,
			);
			path = View;
			sourceTree = "<group>";
		};
		9039503421230F5C00BF048D /* Utilities */ = {
			isa = PBXGroup;
			children = (
				9039501D2122FD4100BF048D /* AppDelegate.swift */,
				903950242122FD4300BF048D /* Assets.xcassets */,
			);
			path = Utilities;
			sourceTree = "<group>";
		};
/* End PBXGroup section */

/* Begin PBXNativeTarget section */
		903950192122FD4100BF048D /* StoreSearch */ = {
			isa = PBXNativeTarget;
			buildConfigurationList = 9039502C2122FD4300BF048D /* Build configuration list for PBXNativeTarget "StoreSearch" */;
			buildPhases = (
				903950162122FD4100BF048D /* Sources */,
				903950172122FD4100BF048D /* Frameworks */,
				903950182122FD4100BF048D /* Resources */,
			);
			buildRules = (
			);
			dependencies = (
			);
			name = StoreSearch;
			productName = StoreSearch;
			productReference = 9039501A2122FD4100BF048D /* StoreSearch.app */;
			productType = "com.apple.product-type.application";
		};
/* End PBXNativeTarget section */

/* Begin PBXProject section */
		903950122122FD4100BF048D /* Project object */ = {
			isa = PBXProject;
			attributes = {
				LastSwiftUpdateCheck = 0940;
				LastUpgradeCheck = 0940;
				ORGANIZATIONNAME = "Matan Dahan";
				TargetAttributes = {
					903950192122FD4100BF048D = {
						CreatedOnToolsVersion = 9.4.1;
					};
				};
			};
			buildConfigurationList = 903950152122FD4100BF048D /* Build configuration list for PBXProject "StoreSearch" */;
			compatibilityVersion = "Xcode 9.3";
			developmentRegion = en;
			hasScannedForEncodings = 0;
			knownRegions = (
				en,
				Base,
			);
			mainGroup = 903950112122FD4100BF048D;
			productRefGroup = 9039501B2122FD4100BF048D /* Products */;
			projectDirPath = "";
			projectRoot = "";
			targets = (
				903950192122FD4100BF048D /* StoreSearch */,
			);
		};
/* End PBXProject section */

/* Begin PBXResourcesBuildPhase section */
		903950182122FD4100BF048D /* Resources */ = {
			isa = PBXResourcesBuildPhase;
			buildActionMask = 2147483647;
			files = (
				903950282122FD4300BF048D /* LaunchScreen.storyboard in Resources */,
				903950252122FD4300BF048D /* Assets.xcassets in Resources */,
				903950362123446200BF048D /* SearchResultCell.xib in Resources */,
				9039503E21237BFE00BF048D /* NothingFoundCell.xib in Resources */,
				903950232122FD4100BF048D /* Main.storyboard in Resources */,
			);
			runOnlyForDeploymentPostprocessing = 0;
		};
/* End PBXResourcesBuildPhase section */

/* Begin PBXSourcesBuildPhase section */
		903950162122FD4100BF048D /* Sources */ = {
			isa = PBXSourcesBuildPhase;
			buildActionMask = 2147483647;
			files = (
				903950202122FD4100BF048D /* SearchViewController.swift in Sources */,
				9039503021230EF800BF048D /* SearchResult.swift in Sources */,
				9039503A21234FA100BF048D /* SearchResultCell.swift in Sources */,
				9039501E2122FD4100BF048D /* AppDelegate.swift in Sources */,
			);
			runOnlyForDeploymentPostprocessing = 0;
		};
/* End PBXSourcesBuildPhase section */

/* Begin PBXVariantGroup section */
		903950212122FD4100BF048D /* Main.storyboard */ = {
			isa = PBXVariantGroup;
			children = (
				903950222122FD4100BF048D /* Base */,
			);
			name = Main.storyboard;
			sourceTree = "<group>";
		};
		903950262122FD4300BF048D /* LaunchScreen.storyboard */ = {
			isa = PBXVariantGroup;
			children = (
				903950272122FD4300BF048D /* Base */,
			);
			name = LaunchScreen.storyboard;
			sourceTree = "<group>";
		};
/* End PBXVariantGroup section */

/* Begin XCBuildConfiguration section */
		9039502A2122FD4300BF048D /* Debug */ = {
			isa = XCBuildConfiguration;
			buildSettings = {
				ALWAYS_SEARCH_USER_PATHS = NO;
				CLANG_ANALYZER_NONNULL = YES;
				CLANG_ANALYZER_NUMBER_OBJECT_CONVERSION = YES_AGGRESSIVE;
				CLANG_CXX_LANGUAGE_STANDARD = "gnu++14";
				CLANG_CXX_LIBRARY = "libc++";
				CLANG_ENABLE_MODULES = YES;
				CLANG_ENABLE_OBJC_ARC = YES;
				CLANG_ENABLE_OBJC_WEAK = YES;
				CLANG_WARN_BLOCK_CAPTURE_AUTORELEASING = YES;
				CLANG_WARN_BOOL_CONVERSION = YES;
				CLANG_WARN_COMMA = YES;
				CLANG_WARN_CONSTANT_CONVERSION = YES;
				CLANG_WARN_DEPRECATED_OBJC_IMPLEMENTATIONS = YES;
				CLANG_WARN_DIRECT_OBJC_ISA_USAGE = YES_ERROR;
				CLANG_WARN_DOCUMENTATION_COMMENTS = YES;
				CLANG_WARN_EMPTY_BODY = YES;
				CLANG_WARN_ENUM_CONVERSION = YES;
				CLANG_WARN_INFINITE_RECURSION = YES;
				CLANG_WARN_INT_CONVERSION = YES;
				CLANG_WARN_NON_LITERAL_NULL_CONVERSION = YES;
				CLANG_WARN_OBJC_IMPLICIT_RETAIN_SELF = YES;
				CLANG_WARN_OBJC_LITERAL_CONVERSION = YES;
				CLANG_WARN_OBJC_ROOT_CLASS = YES_ERROR;
				CLANG_WARN_RANGE_LOOP_ANALYSIS = YES;
				CLANG_WARN_STRICT_PROTOTYPES = YES;
				CLANG_WARN_SUSPICIOUS_MOVE = YES;
				CLANG_WARN_UNGUARDED_AVAILABILITY = YES_AGGRESSIVE;
				CLANG_WARN_UNREACHABLE_CODE = YES;
				CLANG_WARN__DUPLICATE_METHOD_MATCH = YES;
				CODE_SIGN_IDENTITY = "iPhone Developer";
				COPY_PHASE_STRIP = NO;
				DEBUG_INFORMATION_FORMAT = dwarf;
				ENABLE_STRICT_OBJC_MSGSEND = YES;
				ENABLE_TESTABILITY = YES;
				GCC_C_LANGUAGE_STANDARD = gnu11;
				GCC_DYNAMIC_NO_PIC = NO;
				GCC_NO_COMMON_BLOCKS = YES;
				GCC_OPTIMIZATION_LEVEL = 0;
				GCC_PREPROCESSOR_DEFINITIONS = (
					"DEBUG=1",
					"$(inherited)",
				);
				GCC_WARN_64_TO_32_BIT_CONVERSION = YES;
				GCC_WARN_ABOUT_RETURN_TYPE = YES_ERROR;
				GCC_WARN_UNDECLARED_SELECTOR = YES;
				GCC_WARN_UNINITIALIZED_AUTOS = YES_AGGRESSIVE;
				GCC_WARN_UNUSED_FUNCTION = YES;
				GCC_WARN_UNUSED_VARIABLE = YES;
				IPHONEOS_DEPLOYMENT_TARGET = 11.4;
				MTL_ENABLE_DEBUG_INFO = YES;
				ONLY_ACTIVE_ARCH = YES;
				SDKROOT = iphoneos;
				SWIFT_ACTIVE_COMPILATION_CONDITIONS = DEBUG;
				SWIFT_OPTIMIZATION_LEVEL = "-Onone";
			};
			name = Debug;
		};
		9039502B2122FD4300BF048D /* Release */ = {
			isa = XCBuildConfiguration;
			buildSettings = {
				ALWAYS_SEARCH_USER_PATHS = NO;
				CLANG_ANALYZER_NONNULL = YES;
				CLANG_ANALYZER_NUMBER_OBJECT_CONVERSION = YES_AGGRESSIVE;
				CLANG_CXX_LANGUAGE_STANDARD = "gnu++14";
				CLANG_CXX_LIBRARY = "libc++";
				CLANG_ENABLE_MODULES = YES;
				CLANG_ENABLE_OBJC_ARC = YES;
				CLANG_ENABLE_OBJC_WEAK = YES;
				CLANG_WARN_BLOCK_CAPTURE_AUTORELEASING = YES;
				CLANG_WARN_BOOL_CONVERSION = YES;
				CLANG_WARN_COMMA = YES;
				CLANG_WARN_CONSTANT_CONVERSION = YES;
				CLANG_WARN_DEPRECATED_OBJC_IMPLEMENTATIONS = YES;
				CLANG_WARN_DIRECT_OBJC_ISA_USAGE = YES_ERROR;
				CLANG_WARN_DOCUMENTATION_COMMENTS = YES;
				CLANG_WARN_EMPTY_BODY = YES;
				CLANG_WARN_ENUM_CONVERSION = YES;
				CLANG_WARN_INFINITE_RECURSION = YES;
				CLANG_WARN_INT_CONVERSION = YES;
				CLANG_WARN_NON_LITERAL_NULL_CONVERSION = YES;
				CLANG_WARN_OBJC_IMPLICIT_RETAIN_SELF = YES;
				CLANG_WARN_OBJC_LITERAL_CONVERSION = YES;
				CLANG_WARN_OBJC_ROOT_CLASS = YES_ERROR;
				CLANG_WARN_RANGE_LOOP_ANALYSIS = YES;
				CLANG_WARN_STRICT_PROTOTYPES = YES;
				CLANG_WARN_SUSPICIOUS_MOVE = YES;
				CLANG_WARN_UNGUARDED_AVAILABILITY = YES_AGGRESSIVE;
				CLANG_WARN_UNREACHABLE_CODE = YES;
				CLANG_WARN__DUPLICATE_METHOD_MATCH = YES;
				CODE_SIGN_IDENTITY = "iPhone Developer";
				COPY_PHASE_STRIP = NO;
				DEBUG_INFORMATION_FORMAT = "dwarf-with-dsym";
				ENABLE_NS_ASSERTIONS = NO;
				ENABLE_STRICT_OBJC_MSGSEND = YES;
				GCC_C_LANGUAGE_STANDARD = gnu11;
				GCC_NO_COMMON_BLOCKS = YES;
				GCC_WARN_64_TO_32_BIT_CONVERSION = YES;
				GCC_WARN_ABOUT_RETURN_TYPE = YES_ERROR;
				GCC_WARN_UNDECLARED_SELECTOR = YES;
				GCC_WARN_UNINITIALIZED_AUTOS = YES_AGGRESSIVE;
				GCC_WARN_UNUSED_FUNCTION = YES;
				GCC_WARN_UNUSED_VARIABLE = YES;
				IPHONEOS_DEPLOYMENT_TARGET = 11.4;
				MTL_ENABLE_DEBUG_INFO = NO;
				SDKROOT = iphoneos;
				SWIFT_COMPILATION_MODE = wholemodule;
				SWIFT_OPTIMIZATION_LEVEL = "-O";
				VALIDATE_PRODUCT = YES;
			};
			name = Release;
		};
		9039502D2122FD4300BF048D /* Debug */ = {
			isa = XCBuildConfiguration;
			buildSettings = {
				ASSETCATALOG_COMPILER_APPICON_NAME = AppIcon;
				CODE_SIGN_STYLE = Automatic;
				DEVELOPMENT_TEAM = 424M8F27AD;
				INFOPLIST_FILE = StoreSearch/Info.plist;
				LD_RUNPATH_SEARCH_PATHS = (
					"$(inherited)",
					"@executable_path/Frameworks",
				);
				PRODUCT_BUNDLE_IDENTIFIER = com.matandahan.StoreSearch;
				PRODUCT_NAME = "$(TARGET_NAME)";
				SWIFT_VERSION = 4.0;
				TARGETED_DEVICE_FAMILY = "1,2";
			};
			name = Debug;
		};
		9039502E2122FD4300BF048D /* Release */ = {
			isa = XCBuildConfiguration;
			buildSettings = {
				ASSETCATALOG_COMPILER_APPICON_NAME = AppIcon;
				CODE_SIGN_STYLE = Automatic;
				DEVELOPMENT_TEAM = 424M8F27AD;
				INFOPLIST_FILE = StoreSearch/Info.plist;
				LD_RUNPATH_SEARCH_PATHS = (
					"$(inherited)",
					"@executable_path/Frameworks",
				);
				PRODUCT_BUNDLE_IDENTIFIER = com.matandahan.StoreSearch;
				PRODUCT_NAME = "$(TARGET_NAME)";
				SWIFT_VERSION = 4.0;
				TARGETED_DEVICE_FAMILY = "1,2";
			};
			name = Release;
		};
/* End XCBuildConfiguration section */

/* Begin XCConfigurationList section */
		903950152122FD4100BF048D /* Build configuration list for PBXProject "StoreSearch" */ = {
			isa = XCConfigurationList;
			buildConfigurations = (
				9039502A2122FD4300BF048D /* Debug */,
				9039502B2122FD4300BF048D /* Release */,
			);
			defaultConfigurationIsVisible = 0;
			defaultConfigurationName = Release;
		};
		9039502C2122FD4300BF048D /* Build configuration list for PBXNativeTarget "StoreSearch" */ = {
			isa = XCConfigurationList;
			buildConfigurations = (
				9039502D2122FD4300BF048D /* Debug */,
				9039502E2122FD4300BF048D /* Release */,
			);
			defaultConfigurationIsVisible = 0;
			defaultConfigurationName = Release;
		};
/* End XCConfigurationList section */
	};
	rootObject = 903950122122FD4100BF048D /* Project object */;
}
